
Microsoft Visual Studio Solution File, Format Version 10.00
# Visual Studio 2008
Project("{325B8569-0C7C-4A6A-8AF8-89C3B6BC9E74}") = "LightSpeedClassGenerator", "LightSpeedClassGenerator.stproj", "{7EFD4276-797C-4C4C-AF10-C18AF105ACC3}"
EndProject
Global
	GlobalSection(SolutionConfigurationPlatforms) = preSolution
		Debug|Any CPU = Debug|Any CPU
		Release|Any CPU = Release|Any CPU
	EndGlobalSection
	GlobalSection(ProjectConfigurationPlatforms) = postSolution
		{7EFD4276-797C-4C4C-AF10-C18AF105ACC3}.Debug|Any CPU.ActiveCfg = Debug|Any CPU
		{7EFD4276-797C-4C4C-AF10-C18AF105ACC3}.Debug|Any CPU.Build.0 = Debug|Any CPU
		{7EFD4276-797C-4C4C-AF10-C18AF105ACC3}.Release|Any CPU.ActiveCfg = Release|Any CPU
		{7EFD4276-797C-4C4C-AF10-C18AF105ACC3}.Release|Any CPU.Build.0 = Release|Any CPU
	EndGlobalSection
	GlobalSection(SolutionProperties) = preSolution
		HideSolutionNode = FALSE
	EndGlobalSection
EndGlobal
